
Microsoft Visual Studio Solution File, Format Version 12.00
# Visual Studio Version 17
VisualStudioVersion = 17.5.33502.453
MinimumVisualStudioVersion = 10.0.40219.1
Project("{FAE04EC0-301F-11D3-BF4B-00C04F79EFBC}") = "ProjectPractise", "ProjectPractise.csproj", "{0F9C650F-5BF4-4A4A-9480-88374F21AA65}"
EndProject
Global
	GlobalSection(SolutionConfigurationPlatforms) = preSolution
		Debug|Any CPU = Debug|Any CPU
		Release|Any CPU = Release|Any CPU
	EndGlobalSection
	GlobalSection(ProjectConfigurationPlatforms) = postSolution
		{0F9C650F-5BF4-4A4A-9480-88374F21AA65}.Debug|Any CPU.ActiveCfg = Debug|Any CPU
		{0F9C650F-5BF4-4A4A-9480-88374F21AA65}.Debug|Any CPU.Build.0 = Debug|Any CPU
		{0F9C650F-5BF4-4A4A-9480-88374F21AA65}.Release|Any CPU.ActiveCfg = Release|Any CPU
		{0F9C650F-5BF4-4A4A-9480-88374F21AA65}.Release|Any CPU.Build.0 = Release|Any CPU
	EndGlobalSection
	GlobalSection(SolutionProperties) = preSolution
		HideSolutionNode = FALSE
	EndGlobalSection
	GlobalSection(ExtensibilityGlobals) = postSolution
		SolutionGuid = {1E369597-19B2-43D9-BE9C-37C8CAD8403A}
	EndGlobalSection
EndGlobal
